{
  "name": "M1_homework_4",
  "lockfileVersion": 3,
  "requires": true,
  "packages": {
    "": {
      "dependencies": {
        "mydevcave-hwv-project-setup": "^1.1.1"
      }
    },
    "node_modules/mydevcave-hwv-project-setup": {
      "version": "1.1.1",
      "resolved": "https://registry.npmjs.org/mydevcave-hwv-project-setup/-/mydevcave-hwv-project-setup-1.1.1.tgz",
      "integrity": "sha512-LNHw+Oupgkbz5G44r8k6bf7A6t55tlisQHJwspPrmig+bYVdIhAWiOD2GHjTrlY0Mia78P/7O5AUCvYxT5SQ9A==",
      "hasInstallScript": true
    }
  }
}
